
Microsoft Visual Studio Solution File, Format Version 12.00
# Visual Studio Version 17
VisualStudioVersion = 17.7.34031.279
MinimumVisualStudioVersion = 10.0.40219.1
Project("{FAE04EC0-301F-11D3-BF4B-00C04F79EFBC}") = "ClassesAndObject", "ClassesAndObject\ClassesAndObject.csproj", "{7D508211-66C8-4A8E-8CBA-14214543116E}"
EndProject
Global
	GlobalSection(SolutionConfigurationPlatforms) = preSolution
		Debug|Any CPU = Debug|Any CPU
		Release|Any CPU = Release|Any CPU
	EndGlobalSection
	GlobalSection(ProjectConfigurationPlatforms) = postSolution
		{7D508211-66C8-4A8E-8CBA-14214543116E}.Debug|Any CPU.ActiveCfg = Debug|Any CPU
		{7D508211-66C8-4A8E-8CBA-14214543116E}.Debug|Any CPU.Build.0 = Debug|Any CPU
		{7D508211-66C8-4A8E-8CBA-14214543116E}.Release|Any CPU.ActiveCfg = Release|Any CPU
		{7D508211-66C8-4A8E-8CBA-14214543116E}.Release|Any CPU.Build.0 = Release|Any CPU
	EndGlobalSection
	GlobalSection(SolutionProperties) = preSolution
		HideSolutionNode = FALSE
	EndGlobalSection
	GlobalSection(ExtensibilityGlobals) = postSolution
		SolutionGuid = {7C4EED05-66DD-4FD9-810E-E28DAD1C4ED3}
	EndGlobalSection
EndGlobal
