
Microsoft Visual Studio Solution File, Format Version 12.00
# Visual Studio Version 17
VisualStudioVersion = 17.7.34031.279
MinimumVisualStudioVersion = 10.0.40219.1
Project("{FAE04EC0-301F-11D3-BF4B-00C04F79EFBC}") = "loops", "loops\loops.csproj", "{39BEFEAD-D64A-42FB-98FF-44DC436C7C13}"
EndProject
Global
	GlobalSection(SolutionConfigurationPlatforms) = preSolution
		Debug|Any CPU = Debug|Any CPU
		Release|Any CPU = Release|Any CPU
	EndGlobalSection
	GlobalSection(ProjectConfigurationPlatforms) = postSolution
		{39BEFEAD-D64A-42FB-98FF-44DC436C7C13}.Debug|Any CPU.ActiveCfg = Debug|Any CPU
		{39BEFEAD-D64A-42FB-98FF-44DC436C7C13}.Debug|Any CPU.Build.0 = Debug|Any CPU
		{39BEFEAD-D64A-42FB-98FF-44DC436C7C13}.Release|Any CPU.ActiveCfg = Release|Any CPU
		{39BEFEAD-D64A-42FB-98FF-44DC436C7C13}.Release|Any CPU.Build.0 = Release|Any CPU
	EndGlobalSection
	GlobalSection(SolutionProperties) = preSolution
		HideSolutionNode = FALSE
	EndGlobalSection
	GlobalSection(ExtensibilityGlobals) = postSolution
		SolutionGuid = {B1C9F478-39BF-49E8-829A-94107EF5B12B}
	EndGlobalSection
EndGlobal
