
Microsoft Visual Studio Solution File, Format Version 12.00
# Visual Studio Version 17
VisualStudioVersion = 17.7.34031.279
MinimumVisualStudioVersion = 10.0.40219.1
Project("{FAE04EC0-301F-11D3-BF4B-00C04F79EFBC}") = "Arrays", "Arrays\Arrays.csproj", "{B81B6565-CD2E-4F90-A1F4-9BAD6D1D98F2}"
EndProject
Global
	GlobalSection(SolutionConfigurationPlatforms) = preSolution
		Debug|Any CPU = Debug|Any CPU
		Release|Any CPU = Release|Any CPU
	EndGlobalSection
	GlobalSection(ProjectConfigurationPlatforms) = postSolution
		{B81B6565-CD2E-4F90-A1F4-9BAD6D1D98F2}.Debug|Any CPU.ActiveCfg = Debug|Any CPU
		{B81B6565-CD2E-4F90-A1F4-9BAD6D1D98F2}.Debug|Any CPU.Build.0 = Debug|Any CPU
		{B81B6565-CD2E-4F90-A1F4-9BAD6D1D98F2}.Release|Any CPU.ActiveCfg = Release|Any CPU
		{B81B6565-CD2E-4F90-A1F4-9BAD6D1D98F2}.Release|Any CPU.Build.0 = Release|Any CPU
	EndGlobalSection
	GlobalSection(SolutionProperties) = preSolution
		HideSolutionNode = FALSE
	EndGlobalSection
	GlobalSection(ExtensibilityGlobals) = postSolution
		SolutionGuid = {BCDA87FF-E2F6-4574-8320-CF23F3A11288}
	EndGlobalSection
EndGlobal
