
Microsoft Visual Studio Solution File, Format Version 12.00
# Visual Studio Version 17
VisualStudioVersion = 17.7.34202.233
MinimumVisualStudioVersion = 10.0.40219.1
Project("{FAE04EC0-301F-11D3-BF4B-00C04F79EFBC}") = "InheritanceAndPolymorphism", "InheritanceAndPolymorphism\InheritanceAndPolymorphism.csproj", "{B8C9A4AB-09FC-461C-A6C5-63F21CA23BBE}"
EndProject
Global
	GlobalSection(SolutionConfigurationPlatforms) = preSolution
		Debug|Any CPU = Debug|Any CPU
		Release|Any CPU = Release|Any CPU
	EndGlobalSection
	GlobalSection(ProjectConfigurationPlatforms) = postSolution
		{B8C9A4AB-09FC-461C-A6C5-63F21CA23BBE}.Debug|Any CPU.ActiveCfg = Debug|Any CPU
		{B8C9A4AB-09FC-461C-A6C5-63F21CA23BBE}.Debug|Any CPU.Build.0 = Debug|Any CPU
		{B8C9A4AB-09FC-461C-A6C5-63F21CA23BBE}.Release|Any CPU.ActiveCfg = Release|Any CPU
		{B8C9A4AB-09FC-461C-A6C5-63F21CA23BBE}.Release|Any CPU.Build.0 = Release|Any CPU
	EndGlobalSection
	GlobalSection(SolutionProperties) = preSolution
		HideSolutionNode = FALSE
	EndGlobalSection
	GlobalSection(ExtensibilityGlobals) = postSolution
		SolutionGuid = {2FA52E09-226D-4849-ACCE-95F6BD889200}
	EndGlobalSection
EndGlobal
