
Microsoft Visual Studio Solution File, Format Version 12.00
# Visual Studio Version 17
VisualStudioVersion = 17.5.33627.172
MinimumVisualStudioVersion = 10.0.40219.1
Project("{FAE04EC0-301F-11D3-BF4B-00C04F79EFBC}") = "WorkWtihStrings", "WorkWtihStrings\WorkWtihStrings.csproj", "{A9317B41-F3B3-4DEA-AD69-C1CC1CF4DD40}"
EndProject
Global
	GlobalSection(SolutionConfigurationPlatforms) = preSolution
		Debug|Any CPU = Debug|Any CPU
		Release|Any CPU = Release|Any CPU
	EndGlobalSection
	GlobalSection(ProjectConfigurationPlatforms) = postSolution
		{A9317B41-F3B3-4DEA-AD69-C1CC1CF4DD40}.Debug|Any CPU.ActiveCfg = Debug|Any CPU
		{A9317B41-F3B3-4DEA-AD69-C1CC1CF4DD40}.Debug|Any CPU.Build.0 = Debug|Any CPU
		{A9317B41-F3B3-4DEA-AD69-C1CC1CF4DD40}.Release|Any CPU.ActiveCfg = Release|Any CPU
		{A9317B41-F3B3-4DEA-AD69-C1CC1CF4DD40}.Release|Any CPU.Build.0 = Release|Any CPU
	EndGlobalSection
	GlobalSection(SolutionProperties) = preSolution
		HideSolutionNode = FALSE
	EndGlobalSection
	GlobalSection(ExtensibilityGlobals) = postSolution
		SolutionGuid = {3B213D21-25F5-4783-8B0E-5E48493DB274}
	EndGlobalSection
EndGlobal
