
Microsoft Visual Studio Solution File, Format Version 12.00
# Visual Studio Version 17
VisualStudioVersion = 17.7.34031.279
MinimumVisualStudioVersion = 10.0.40219.1
Project("{FAE04EC0-301F-11D3-BF4B-00C04F79EFBC}") = "ExceptionHandling", "ExceptionHandling\ExceptionHandling.csproj", "{A42DDD25-8EF0-40F0-9965-F6BCAAEC0B7C}"
EndProject
Global
	GlobalSection(SolutionConfigurationPlatforms) = preSolution
		Debug|Any CPU = Debug|Any CPU
		Release|Any CPU = Release|Any CPU
	EndGlobalSection
	GlobalSection(ProjectConfigurationPlatforms) = postSolution
		{A42DDD25-8EF0-40F0-9965-F6BCAAEC0B7C}.Debug|Any CPU.ActiveCfg = Debug|Any CPU
		{A42DDD25-8EF0-40F0-9965-F6BCAAEC0B7C}.Debug|Any CPU.Build.0 = Debug|Any CPU
		{A42DDD25-8EF0-40F0-9965-F6BCAAEC0B7C}.Release|Any CPU.ActiveCfg = Release|Any CPU
		{A42DDD25-8EF0-40F0-9965-F6BCAAEC0B7C}.Release|Any CPU.Build.0 = Release|Any CPU
	EndGlobalSection
	GlobalSection(SolutionProperties) = preSolution
		HideSolutionNode = FALSE
	EndGlobalSection
	GlobalSection(ExtensibilityGlobals) = postSolution
		SolutionGuid = {C0EE381F-4696-45F1-831F-AEC021C0E452}
	EndGlobalSection
EndGlobal
