
Microsoft Visual Studio Solution File, Format Version 12.00
# Visual Studio Version 17
VisualStudioVersion = 17.7.34031.279
MinimumVisualStudioVersion = 10.0.40219.1
Project("{FAE04EC0-301F-11D3-BF4B-00C04F79EFBC}") = "VariablesAndConstant", "VariablesAndConstant\VariablesAndConstant.csproj", "{1FEDF73D-31B6-4FE1-B962-0BE3EB4A8191}"
EndProject
Global
	GlobalSection(SolutionConfigurationPlatforms) = preSolution
		Debug|Any CPU = Debug|Any CPU
		Release|Any CPU = Release|Any CPU
	EndGlobalSection
	GlobalSection(ProjectConfigurationPlatforms) = postSolution
		{1FEDF73D-31B6-4FE1-B962-0BE3EB4A8191}.Debug|Any CPU.ActiveCfg = Debug|Any CPU
		{1FEDF73D-31B6-4FE1-B962-0BE3EB4A8191}.Debug|Any CPU.Build.0 = Debug|Any CPU
		{1FEDF73D-31B6-4FE1-B962-0BE3EB4A8191}.Release|Any CPU.ActiveCfg = Release|Any CPU
		{1FEDF73D-31B6-4FE1-B962-0BE3EB4A8191}.Release|Any CPU.Build.0 = Release|Any CPU
	EndGlobalSection
	GlobalSection(SolutionProperties) = preSolution
		HideSolutionNode = FALSE
	EndGlobalSection
	GlobalSection(ExtensibilityGlobals) = postSolution
		SolutionGuid = {6246246F-BFDA-4E44-BE1F-A046B5566487}
	EndGlobalSection
EndGlobal
